
Microsoft Visual Studio Solution File, Format Version 12.00
# Visual Studio Version 16
VisualStudioVersion = 16.0.30002.166
MinimumVisualStudioVersion = 10.0.40219.1
Project("{E24C65DC-7377-472B-9ABA-BC803B73C61A}") = "Assignment5ThanosKatrakis", ".", "{58CC1C02-4494-4ADA-A165-063E17C6E286}"
	ProjectSection(WebsiteProperties) = preProject
		TargetFrameworkMoniker = ".NETFramework,Version%3Dv4.0"
		Debug.AspNetCompiler.VirtualPath = "/localhost_55276"
		Debug.AspNetCompiler.PhysicalPath = "..\..\..\Desktop\Advanced Front End\Assignment5ThanosKatrakis\"
		Debug.AspNetCompiler.TargetPath = "PrecompiledWeb\localhost_55276\"
		Debug.AspNetCompiler.Updateable = "true"
		Debug.AspNetCompiler.ForceOverwrite = "true"
		Debug.AspNetCompiler.FixedNames = "false"
		Debug.AspNetCompiler.Debug = "True"
		Release.AspNetCompiler.VirtualPath = "/localhost_55276"
		Release.AspNetCompiler.PhysicalPath = "..\..\..\Desktop\Advanced Front End\Assignment5ThanosKatrakis\"
		Release.AspNetCompiler.TargetPath = "PrecompiledWeb\localhost_55276\"
		Release.AspNetCompiler.Updateable = "true"
		Release.AspNetCompiler.ForceOverwrite = "true"
		Release.AspNetCompiler.FixedNames = "false"
		Release.AspNetCompiler.Debug = "False"
		VWDPort = "55276"
	EndProjectSection
EndProject
Global
	GlobalSection(SolutionConfigurationPlatforms) = preSolution
		Debug|Any CPU = Debug|Any CPU
	EndGlobalSection
	GlobalSection(ProjectConfigurationPlatforms) = postSolution
		{58CC1C02-4494-4ADA-A165-063E17C6E286}.Debug|Any CPU.ActiveCfg = Debug|Any CPU
		{58CC1C02-4494-4ADA-A165-063E17C6E286}.Debug|Any CPU.Build.0 = Debug|Any CPU
	EndGlobalSection
	GlobalSection(SolutionProperties) = preSolution
		HideSolutionNode = FALSE
	EndGlobalSection
	GlobalSection(ExtensibilityGlobals) = postSolution
		SolutionGuid = {F0FB3193-B2C6-435C-9448-A702AF1F70A8}
	EndGlobalSection
EndGlobal
